
Microsoft Visual Studio Solution File, Format Version 12.00
# Visual Studio 15
VisualStudioVersion = 15.0.26430.13
MinimumVisualStudioVersion = 10.0.40219.1
Project("{FAE04EC0-301F-11D3-BF4B-00C04F79EFBC}") = "SinoTheWalker", "SinoTheWalker\SinoTheWalker.csproj", "{F7772495-A4F8-4149-9FB6-0B1108A7E243}"
EndProject
Project("{FAE04EC0-301F-11D3-BF4B-00C04F79EFBC}") = "SoftUniKaraoke", "SoftUniKaraoke\SoftUniKaraoke.csproj", "{ECEA0D73-80A9-4630-B2DC-A2D6820DC80F}"
EndProject
Project("{FAE04EC0-301F-11D3-BF4B-00C04F79EFBC}") = "Endurance Rally", "Endurance Rally\Endurance Rally.csproj", "{4C93848F-8F64-4D44-8221-541732B46EFF}"
EndProject
Project("{FAE04EC0-301F-11D3-BF4B-00C04F79EFBC}") = "WinningTicket", "WinningTicket\WinningTicket.csproj", "{967C38A8-0FAA-48D7-94FF-23983AF73DC4}"
EndProject
Global
	GlobalSection(SolutionConfigurationPlatforms) = preSolution
		Debug|Any CPU = Debug|Any CPU
		Release|Any CPU = Release|Any CPU
	EndGlobalSection
	GlobalSection(ProjectConfigurationPlatforms) = postSolution
		{F7772495-A4F8-4149-9FB6-0B1108A7E243}.Debug|Any CPU.ActiveCfg = Debug|Any CPU
		{F7772495-A4F8-4149-9FB6-0B1108A7E243}.Debug|Any CPU.Build.0 = Debug|Any CPU
		{F7772495-A4F8-4149-9FB6-0B1108A7E243}.Release|Any CPU.ActiveCfg = Release|Any CPU
		{F7772495-A4F8-4149-9FB6-0B1108A7E243}.Release|Any CPU.Build.0 = Release|Any CPU
		{ECEA0D73-80A9-4630-B2DC-A2D6820DC80F}.Debug|Any CPU.ActiveCfg = Debug|Any CPU
		{ECEA0D73-80A9-4630-B2DC-A2D6820DC80F}.Debug|Any CPU.Build.0 = Debug|Any CPU
		{ECEA0D73-80A9-4630-B2DC-A2D6820DC80F}.Release|Any CPU.ActiveCfg = Release|Any CPU
		{ECEA0D73-80A9-4630-B2DC-A2D6820DC80F}.Release|Any CPU.Build.0 = Release|Any CPU
		{4C93848F-8F64-4D44-8221-541732B46EFF}.Debug|Any CPU.ActiveCfg = Debug|Any CPU
		{4C93848F-8F64-4D44-8221-541732B46EFF}.Debug|Any CPU.Build.0 = Debug|Any CPU
		{4C93848F-8F64-4D44-8221-541732B46EFF}.Release|Any CPU.ActiveCfg = Release|Any CPU
		{4C93848F-8F64-4D44-8221-541732B46EFF}.Release|Any CPU.Build.0 = Release|Any CPU
		{967C38A8-0FAA-48D7-94FF-23983AF73DC4}.Debug|Any CPU.ActiveCfg = Debug|Any CPU
		{967C38A8-0FAA-48D7-94FF-23983AF73DC4}.Debug|Any CPU.Build.0 = Debug|Any CPU
		{967C38A8-0FAA-48D7-94FF-23983AF73DC4}.Release|Any CPU.ActiveCfg = Release|Any CPU
		{967C38A8-0FAA-48D7-94FF-23983AF73DC4}.Release|Any CPU.Build.0 = Release|Any CPU
	EndGlobalSection
	GlobalSection(SolutionProperties) = preSolution
		HideSolutionNode = FALSE
	EndGlobalSection
EndGlobal
