
Microsoft Visual Studio Solution File, Format Version 12.00
# Visual Studio 15
VisualStudioVersion = 15.0.26430.13
MinimumVisualStudioVersion = 10.0.40219.1
Project("{FAE04EC0-301F-11D3-BF4B-00C04F79EFBC}") = "LargestCommonEnd", "LargestCommonEnd\LargestCommonEnd.csproj", "{F389CB9B-7B0E-4B8F-B41D-6E42B0AB98DB}"
EndProject
Project("{FAE04EC0-301F-11D3-BF4B-00C04F79EFBC}") = "RotateAndSum", "RotateAndSum\RotateAndSum.csproj", "{D50C9CED-2464-49DF-ACCE-3A82095A9D59}"
EndProject
Project("{FAE04EC0-301F-11D3-BF4B-00C04F79EFBC}") = "FoldAndSum", "FoldAndSum\FoldAndSum.csproj", "{91F87C34-DBA0-4CFD-8681-BEF91E1DEF1E}"
EndProject
Project("{FAE04EC0-301F-11D3-BF4B-00C04F79EFBC}") = "SieveOfEratosthenes", "SieveOfEratosthenes\SieveOfEratosthenes.csproj", "{F5168DA3-3F54-45A6-ABB0-6B9847CBE20F}"
EndProject
Project("{FAE04EC0-301F-11D3-BF4B-00C04F79EFBC}") = "CompareCharArrays", "CompareCharArrays\CompareCharArrays.csproj", "{C4013ACC-FDD0-445D-8E23-CC4026E513FD}"
EndProject
Project("{FAE04EC0-301F-11D3-BF4B-00C04F79EFBC}") = "MaxSequenceOfEqualElements", "MaxSequenceOfEqualElements\MaxSequenceOfEqualElements.csproj", "{47C3BF23-7707-4D94-81C5-47E20D9C7A8D}"
EndProject
Project("{FAE04EC0-301F-11D3-BF4B-00C04F79EFBC}") = "MaxSequenceOfIncreasingElements", "MaxSequenceOfIncreasingElements\MaxSequenceOfIncreasingElements.csproj", "{66830EBA-EB83-4BAC-B423-6589D5ECD6C2}"
EndProject
Project("{FAE04EC0-301F-11D3-BF4B-00C04F79EFBC}") = "MostFrequentNumber", "MostFrequentNumber\MostFrequentNumber.csproj", "{BA239CAA-6B96-4615-8F36-1FF7CF390DF3}"
EndProject
Project("{FAE04EC0-301F-11D3-BF4B-00C04F79EFBC}") = "IndexOfLetters", "IndexOfLetters\IndexOfLetters.csproj", "{CDFEC2D7-4294-43D3-B7E2-012B551E0B88}"
EndProject
Project("{FAE04EC0-301F-11D3-BF4B-00C04F79EFBC}") = "PairsByDifference", "PairsByDifference\PairsByDifference.csproj", "{E7EB3E73-298D-4B8B-9E2B-EE25E1481B46}"
EndProject
Project("{FAE04EC0-301F-11D3-BF4B-00C04F79EFBC}") = "EqualSums", "EqualSums\EqualSums.csproj", "{C4EFD123-C203-494B-8274-B8E19AAE60BD}"
EndProject
Global
	GlobalSection(SolutionConfigurationPlatforms) = preSolution
		Debug|Any CPU = Debug|Any CPU
		Release|Any CPU = Release|Any CPU
	EndGlobalSection
	GlobalSection(ProjectConfigurationPlatforms) = postSolution
		{F389CB9B-7B0E-4B8F-B41D-6E42B0AB98DB}.Debug|Any CPU.ActiveCfg = Debug|Any CPU
		{F389CB9B-7B0E-4B8F-B41D-6E42B0AB98DB}.Debug|Any CPU.Build.0 = Debug|Any CPU
		{F389CB9B-7B0E-4B8F-B41D-6E42B0AB98DB}.Release|Any CPU.ActiveCfg = Release|Any CPU
		{F389CB9B-7B0E-4B8F-B41D-6E42B0AB98DB}.Release|Any CPU.Build.0 = Release|Any CPU
		{D50C9CED-2464-49DF-ACCE-3A82095A9D59}.Debug|Any CPU.ActiveCfg = Debug|Any CPU
		{D50C9CED-2464-49DF-ACCE-3A82095A9D59}.Debug|Any CPU.Build.0 = Debug|Any CPU
		{D50C9CED-2464-49DF-ACCE-3A82095A9D59}.Release|Any CPU.ActiveCfg = Release|Any CPU
		{D50C9CED-2464-49DF-ACCE-3A82095A9D59}.Release|Any CPU.Build.0 = Release|Any CPU
		{91F87C34-DBA0-4CFD-8681-BEF91E1DEF1E}.Debug|Any CPU.ActiveCfg = Debug|Any CPU
		{91F87C34-DBA0-4CFD-8681-BEF91E1DEF1E}.Debug|Any CPU.Build.0 = Debug|Any CPU
		{91F87C34-DBA0-4CFD-8681-BEF91E1DEF1E}.Release|Any CPU.ActiveCfg = Release|Any CPU
		{91F87C34-DBA0-4CFD-8681-BEF91E1DEF1E}.Release|Any CPU.Build.0 = Release|Any CPU
		{F5168DA3-3F54-45A6-ABB0-6B9847CBE20F}.Debug|Any CPU.ActiveCfg = Debug|Any CPU
		{F5168DA3-3F54-45A6-ABB0-6B9847CBE20F}.Debug|Any CPU.Build.0 = Debug|Any CPU
		{F5168DA3-3F54-45A6-ABB0-6B9847CBE20F}.Release|Any CPU.ActiveCfg = Release|Any CPU
		{F5168DA3-3F54-45A6-ABB0-6B9847CBE20F}.Release|Any CPU.Build.0 = Release|Any CPU
		{C4013ACC-FDD0-445D-8E23-CC4026E513FD}.Debug|Any CPU.ActiveCfg = Debug|Any CPU
		{C4013ACC-FDD0-445D-8E23-CC4026E513FD}.Debug|Any CPU.Build.0 = Debug|Any CPU
		{C4013ACC-FDD0-445D-8E23-CC4026E513FD}.Release|Any CPU.ActiveCfg = Release|Any CPU
		{C4013ACC-FDD0-445D-8E23-CC4026E513FD}.Release|Any CPU.Build.0 = Release|Any CPU
		{47C3BF23-7707-4D94-81C5-47E20D9C7A8D}.Debug|Any CPU.ActiveCfg = Debug|Any CPU
		{47C3BF23-7707-4D94-81C5-47E20D9C7A8D}.Debug|Any CPU.Build.0 = Debug|Any CPU
		{47C3BF23-7707-4D94-81C5-47E20D9C7A8D}.Release|Any CPU.ActiveCfg = Release|Any CPU
		{47C3BF23-7707-4D94-81C5-47E20D9C7A8D}.Release|Any CPU.Build.0 = Release|Any CPU
		{66830EBA-EB83-4BAC-B423-6589D5ECD6C2}.Debug|Any CPU.ActiveCfg = Debug|Any CPU
		{66830EBA-EB83-4BAC-B423-6589D5ECD6C2}.Debug|Any CPU.Build.0 = Debug|Any CPU
		{66830EBA-EB83-4BAC-B423-6589D5ECD6C2}.Release|Any CPU.ActiveCfg = Release|Any CPU
		{66830EBA-EB83-4BAC-B423-6589D5ECD6C2}.Release|Any CPU.Build.0 = Release|Any CPU
		{BA239CAA-6B96-4615-8F36-1FF7CF390DF3}.Debug|Any CPU.ActiveCfg = Debug|Any CPU
		{BA239CAA-6B96-4615-8F36-1FF7CF390DF3}.Debug|Any CPU.Build.0 = Debug|Any CPU
		{BA239CAA-6B96-4615-8F36-1FF7CF390DF3}.Release|Any CPU.ActiveCfg = Release|Any CPU
		{BA239CAA-6B96-4615-8F36-1FF7CF390DF3}.Release|Any CPU.Build.0 = Release|Any CPU
		{CDFEC2D7-4294-43D3-B7E2-012B551E0B88}.Debug|Any CPU.ActiveCfg = Debug|Any CPU
		{CDFEC2D7-4294-43D3-B7E2-012B551E0B88}.Debug|Any CPU.Build.0 = Debug|Any CPU
		{CDFEC2D7-4294-43D3-B7E2-012B551E0B88}.Release|Any CPU.ActiveCfg = Release|Any CPU
		{CDFEC2D7-4294-43D3-B7E2-012B551E0B88}.Release|Any CPU.Build.0 = Release|Any CPU
		{E7EB3E73-298D-4B8B-9E2B-EE25E1481B46}.Debug|Any CPU.ActiveCfg = Debug|Any CPU
		{E7EB3E73-298D-4B8B-9E2B-EE25E1481B46}.Debug|Any CPU.Build.0 = Debug|Any CPU
		{E7EB3E73-298D-4B8B-9E2B-EE25E1481B46}.Release|Any CPU.ActiveCfg = Release|Any CPU
		{E7EB3E73-298D-4B8B-9E2B-EE25E1481B46}.Release|Any CPU.Build.0 = Release|Any CPU
		{C4EFD123-C203-494B-8274-B8E19AAE60BD}.Debug|Any CPU.ActiveCfg = Debug|Any CPU
		{C4EFD123-C203-494B-8274-B8E19AAE60BD}.Debug|Any CPU.Build.0 = Debug|Any CPU
		{C4EFD123-C203-494B-8274-B8E19AAE60BD}.Release|Any CPU.ActiveCfg = Release|Any CPU
		{C4EFD123-C203-494B-8274-B8E19AAE60BD}.Release|Any CPU.Build.0 = Release|Any CPU
	EndGlobalSection
	GlobalSection(SolutionProperties) = preSolution
		HideSolutionNode = FALSE
	EndGlobalSection
EndGlobal
