
Microsoft Visual Studio Solution File, Format Version 12.00
# Visual Studio 15
VisualStudioVersion = 15.0.26430.13
MinimumVisualStudioVersion = 10.0.40219.1
Project("{FAE04EC0-301F-11D3-BF4B-00C04F79EFBC}") = "MaxSequenceOfEqualElements", "MaxSequenceOfEqualElements\MaxSequenceOfEqualElements.csproj", "{4490379E-EA07-40E6-80E0-0C1994BEC6E0}"
EndProject
Project("{FAE04EC0-301F-11D3-BF4B-00C04F79EFBC}") = "ChangeList", "ChangeList\ChangeList.csproj", "{FCA094F2-C8CE-40A8-92E1-515128214BCC}"
EndProject
Project("{FAE04EC0-301F-11D3-BF4B-00C04F79EFBC}") = "SearchForANumber", "SearchForANumber\SearchForANumber.csproj", "{D32F1B7C-1077-4E8A-8E1D-65C3F7A2A2F2}"
EndProject
Project("{FAE04EC0-301F-11D3-BF4B-00C04F79EFBC}") = "LongestIncreasingSubsequence", "LongestIncreasingSubsequence\LongestIncreasingSubsequence.csproj", "{B20C361C-9833-4008-8DBE-6C7229EDBB75}"
EndProject
Project("{FAE04EC0-301F-11D3-BF4B-00C04F79EFBC}") = "ArrayManipulator", "ArrayManipulator\ArrayManipulator.csproj", "{BF7A64F4-3266-4AEA-A231-220D2A4BFF8F}"
EndProject
Project("{FAE04EC0-301F-11D3-BF4B-00C04F79EFBC}") = "SumReversedNumbers", "SumReversedNumbers\SumReversedNumbers.csproj", "{1B1D7A2A-D12A-4712-B0D4-155AF27ED9F8}"
EndProject
Project("{FAE04EC0-301F-11D3-BF4B-00C04F79EFBC}") = "BombNumbers", "BombNumbers\BombNumbers.csproj", "{0719A9D5-A9A2-41AC-B2A7-E827C30FB793}"
EndProject
Global
	GlobalSection(SolutionConfigurationPlatforms) = preSolution
		Debug|Any CPU = Debug|Any CPU
		Release|Any CPU = Release|Any CPU
	EndGlobalSection
	GlobalSection(ProjectConfigurationPlatforms) = postSolution
		{4490379E-EA07-40E6-80E0-0C1994BEC6E0}.Debug|Any CPU.ActiveCfg = Debug|Any CPU
		{4490379E-EA07-40E6-80E0-0C1994BEC6E0}.Debug|Any CPU.Build.0 = Debug|Any CPU
		{4490379E-EA07-40E6-80E0-0C1994BEC6E0}.Release|Any CPU.ActiveCfg = Release|Any CPU
		{4490379E-EA07-40E6-80E0-0C1994BEC6E0}.Release|Any CPU.Build.0 = Release|Any CPU
		{FCA094F2-C8CE-40A8-92E1-515128214BCC}.Debug|Any CPU.ActiveCfg = Debug|Any CPU
		{FCA094F2-C8CE-40A8-92E1-515128214BCC}.Debug|Any CPU.Build.0 = Debug|Any CPU
		{FCA094F2-C8CE-40A8-92E1-515128214BCC}.Release|Any CPU.ActiveCfg = Release|Any CPU
		{FCA094F2-C8CE-40A8-92E1-515128214BCC}.Release|Any CPU.Build.0 = Release|Any CPU
		{D32F1B7C-1077-4E8A-8E1D-65C3F7A2A2F2}.Debug|Any CPU.ActiveCfg = Debug|Any CPU
		{D32F1B7C-1077-4E8A-8E1D-65C3F7A2A2F2}.Debug|Any CPU.Build.0 = Debug|Any CPU
		{D32F1B7C-1077-4E8A-8E1D-65C3F7A2A2F2}.Release|Any CPU.ActiveCfg = Release|Any CPU
		{D32F1B7C-1077-4E8A-8E1D-65C3F7A2A2F2}.Release|Any CPU.Build.0 = Release|Any CPU
		{B20C361C-9833-4008-8DBE-6C7229EDBB75}.Debug|Any CPU.ActiveCfg = Debug|Any CPU
		{B20C361C-9833-4008-8DBE-6C7229EDBB75}.Debug|Any CPU.Build.0 = Debug|Any CPU
		{B20C361C-9833-4008-8DBE-6C7229EDBB75}.Release|Any CPU.ActiveCfg = Release|Any CPU
		{B20C361C-9833-4008-8DBE-6C7229EDBB75}.Release|Any CPU.Build.0 = Release|Any CPU
		{BF7A64F4-3266-4AEA-A231-220D2A4BFF8F}.Debug|Any CPU.ActiveCfg = Debug|Any CPU
		{BF7A64F4-3266-4AEA-A231-220D2A4BFF8F}.Debug|Any CPU.Build.0 = Debug|Any CPU
		{BF7A64F4-3266-4AEA-A231-220D2A4BFF8F}.Release|Any CPU.ActiveCfg = Release|Any CPU
		{BF7A64F4-3266-4AEA-A231-220D2A4BFF8F}.Release|Any CPU.Build.0 = Release|Any CPU
		{1B1D7A2A-D12A-4712-B0D4-155AF27ED9F8}.Debug|Any CPU.ActiveCfg = Debug|Any CPU
		{1B1D7A2A-D12A-4712-B0D4-155AF27ED9F8}.Debug|Any CPU.Build.0 = Debug|Any CPU
		{1B1D7A2A-D12A-4712-B0D4-155AF27ED9F8}.Release|Any CPU.ActiveCfg = Release|Any CPU
		{1B1D7A2A-D12A-4712-B0D4-155AF27ED9F8}.Release|Any CPU.Build.0 = Release|Any CPU
		{0719A9D5-A9A2-41AC-B2A7-E827C30FB793}.Debug|Any CPU.ActiveCfg = Debug|Any CPU
		{0719A9D5-A9A2-41AC-B2A7-E827C30FB793}.Debug|Any CPU.Build.0 = Debug|Any CPU
		{0719A9D5-A9A2-41AC-B2A7-E827C30FB793}.Release|Any CPU.ActiveCfg = Release|Any CPU
		{0719A9D5-A9A2-41AC-B2A7-E827C30FB793}.Release|Any CPU.Build.0 = Release|Any CPU
	EndGlobalSection
	GlobalSection(SolutionProperties) = preSolution
		HideSolutionNode = FALSE
	EndGlobalSection
EndGlobal
